
Microsoft Visual Studio Solution File, Format Version 12.00
# Visual Studio Version 17
VisualStudioVersion = 17.7.34031.279
MinimumVisualStudioVersion = 10.0.40219.1
Project("{FAE04EC0-301F-11D3-BF4B-00C04F79EFBC}") = "InterfaceReHub", "Cockring\InterfaceReHub.csproj", "{99F19BF6-352C-416D-A45A-00B689C40EFF}"
EndProject
Global
	GlobalSection(SolutionConfigurationPlatforms) = preSolution
		Debug|Any CPU = Debug|Any CPU
		Release|Any CPU = Release|Any CPU
	EndGlobalSection
	GlobalSection(ProjectConfigurationPlatforms) = postSolution
		{99F19BF6-352C-416D-A45A-00B689C40EFF}.Debug|Any CPU.ActiveCfg = Debug|Any CPU
		{99F19BF6-352C-416D-A45A-00B689C40EFF}.Debug|Any CPU.Build.0 = Debug|Any CPU
		{99F19BF6-352C-416D-A45A-00B689C40EFF}.Release|Any CPU.ActiveCfg = Release|Any CPU
		{99F19BF6-352C-416D-A45A-00B689C40EFF}.Release|Any CPU.Build.0 = Release|Any CPU
	EndGlobalSection
	GlobalSection(SolutionProperties) = preSolution
		HideSolutionNode = FALSE
	EndGlobalSection
	GlobalSection(ExtensibilityGlobals) = postSolution
		SolutionGuid = {410B994C-D93D-4A48-9F7A-85356302003B}
	EndGlobalSection
EndGlobal
